<?xml version="1.0" encoding="UTF-8" standalone="yes" ?>
<CodeBlocks_project_file>
	<FileVersion major="1" minor="6" />
	<Project>
		<Option title="SignalsSpectres" />
		<Option pch_mode="2" />
		<Option compiler="gcc" />
		<Build>
			<Target title="Debug">
				<Option output="bin/Debug/SignalsSpectres" prefix_auto="1" extension_auto="1" />
				<Option object_output="obj/Debug/" />
				<Option type="1" />
				<Option compiler="gcc" />
				<Compiler>
					<Add option="-g" />
					<Add directory="include" />
					<Add directory="include/DataValidation" />
					<Add directory="include/DataValidation/DataWrapping" />
					<Add directory="include/GUI" />
				</Compiler>
				<Linker>
					<Add library="lib/libsfml-graphics-d.a" />
					<Add library="lib/libsfml-system-d.a" />
					<Add library="lib/libsfml-window-d.a" />
				</Linker>
			</Target>
			<Target title="Release">
				<Option output="bin/Release/SignalsSpectres" prefix_auto="1" extension_auto="1" />
				<Option object_output="obj/Release/" />
				<Option type="1" />
				<Option compiler="gcc" />
				<Compiler>
					<Add option="-O2" />
					<Add directory="include" />
					<Add directory="include/DataValidation" />
					<Add directory="include/DataValidation/DataWrapping" />
					<Add directory="include/GUI" />
				</Compiler>
				<Linker>
					<Add option="-s" />
				</Linker>
			</Target>
		</Build>
		<Compiler>
			<Add option="-Wall" />
			<Add option="-fexceptions" />
			<Add option="-DSFML_STATIC" />
			<Add directory="include" />
		</Compiler>
		<Linker>
			<Add directory="lib" />
		</Linker>
		<Unit filename="include/Application.h" />
		<Unit filename="include/DataValidation/DataWrapping/AccessingDataWrapper.h" />
		<Unit filename="include/DataValidation/DataWrapping/ConstantDataWrapper.h" />
		<Unit filename="include/DataValidation/DataWrapping/ConvertingDataWrapper.h" />
		<Unit filename="include/DataValidation/DataWrapping/DataWrapper.h" />
		<Unit filename="include/DataValidation/FileExistingValidator.h" />
		<Unit filename="include/DataValidation/IValidator.h" />
		<Unit filename="include/DataValidation/InRangeValueValidator.h" />
		<Unit filename="include/DataValidation/IsPowerOfValidator.h" />
		<Unit filename="include/DataValidation/ValidationHandler.h" />
		<Unit filename="include/DataValidation/Validator.h" />
		<Unit filename="include/Engine/AppData.h" />
		<Unit filename="include/Engine/AssetManager.h" />
		<Unit filename="include/Engine/State.h" />
		<Unit filename="include/Engine/StateMachine.h" />
		<Unit filename="include/GUI/Button.h" />
		<Unit filename="include/GUI/ChooseList.h" />
		<Unit filename="include/GUI/DarkThemeGUIFactory.h" />
		<Unit filename="include/GUI/DefaultInteractiveElement.h" />
		<Unit filename="include/GUI/DynamicGUI.h" />
		<Unit filename="include/GUI/GUI.h" />
		<Unit filename="include/GUI/GUIHandler.h" />
		<Unit filename="include/GUI/InputBox.h" />
		<Unit filename="include/GUI/InteractiveGUIElement.h" />
		<Unit filename="include/GUI/ListElement.h" />
		<Unit filename="include/GUI/ProgressBar.h" />
		<Unit filename="include/States/InputState.h" />
		<Unit filename="include/States/ProcessState.h" />
		<Unit filename="include/States/WindowChooserState.h" />
		<Unit filename="include/WindowFunction.h" />
		<Unit filename="main.cpp" />
		<Unit filename="src/Application.cpp" />
		<Unit filename="src/Engine/AppData.cpp" />
		<Unit filename="src/Engine/AssetManager.cpp" />
		<Unit filename="src/Engine/State.cpp" />
		<Unit filename="src/Engine/StateMachine.cpp" />
		<Unit filename="src/GUI/Button.cpp" />
		<Unit filename="src/GUI/DarkThemeGUIFactory.cpp" />
		<Unit filename="src/GUI/DefaultInteractiveElement.cpp" />
		<Unit filename="src/GUI/GUIHandler.cpp" />
		<Unit filename="src/GUI/InputBox.cpp" />
		<Unit filename="src/GUI/ProgressBar.cpp" />
		<Unit filename="src/States/InputState.cpp" />
		<Unit filename="src/States/ProcessState.cpp" />
		<Unit filename="src/States/WindowChooserState.cpp" />
		<Unit filename="src/WindowFunction.cpp" />
		<Extensions>
			<code_completion />
			<envvars />
			<debugger />
			<lib_finder disable_auto="1" />
		</Extensions>
	</Project>
</CodeBlocks_project_file>
